
Microsoft Visual Studio Solution File, Format Version 12.00
# Visual Studio Version 17
VisualStudioVersion = 17.8.34601.278
MinimumVisualStudioVersion = 10.0.40219.1
Project("{FAE04EC0-301F-11D3-BF4B-00C04F79EFBC}") = "MauiMarkupExtension", "MauiMarkupExtension.csproj", "{76451A1B-AB1C-4548-9BEF-AE3C0A16FCAD}"
EndProject
Global
	GlobalSection(SolutionConfigurationPlatforms) = preSolution
		Debug|Any CPU = Debug|Any CPU
		Release|Any CPU = Release|Any CPU
	EndGlobalSection
	GlobalSection(ProjectConfigurationPlatforms) = postSolution
		{76451A1B-AB1C-4548-9BEF-AE3C0A16FCAD}.Debug|Any CPU.ActiveCfg = Debug|Any CPU
		{76451A1B-AB1C-4548-9BEF-AE3C0A16FCAD}.Debug|Any CPU.Build.0 = Debug|Any CPU
		{76451A1B-AB1C-4548-9BEF-AE3C0A16FCAD}.Debug|Any CPU.Deploy.0 = Debug|Any CPU
		{76451A1B-AB1C-4548-9BEF-AE3C0A16FCAD}.Release|Any CPU.ActiveCfg = Release|Any CPU
		{76451A1B-AB1C-4548-9BEF-AE3C0A16FCAD}.Release|Any CPU.Build.0 = Release|Any CPU
		{76451A1B-AB1C-4548-9BEF-AE3C0A16FCAD}.Release|Any CPU.Deploy.0 = Release|Any CPU
	EndGlobalSection
	GlobalSection(SolutionProperties) = preSolution
		HideSolutionNode = FALSE
	EndGlobalSection
	GlobalSection(ExtensibilityGlobals) = postSolution
		SolutionGuid = {EB0D296B-FDC2-4B8C-8517-F058199EC56A}
	EndGlobalSection
EndGlobal
